
Microsoft Visual Studio Solution File, Format Version 12.00
# Visual Studio Version 17
VisualStudioVersion = 17.10.35013.160
MinimumVisualStudioVersion = 10.0.40219.1
Project("{9A19103F-16F7-4668-BE54-9A1E7A4F7556}") = "SalesDatePrediction.Api", "SalesDatePrediction.Api\SalesDatePrediction.Api.csproj", "{75DEF046-604C-4DD9-A461-61226CAE89EE}"
EndProject
Project("{9A19103F-16F7-4668-BE54-9A1E7A4F7556}") = "SalesDatePrediction.Infrastructure", "SalesDatePrediction.Infrastructure\SalesDatePrediction.Infrastructure.csproj", "{45A0A57E-0C3A-4CC9-8A1B-48B4D7B299EC}"
EndProject
Project("{9A19103F-16F7-4668-BE54-9A1E7A4F7556}") = "SalesDatePrediction.Core", "SalesDatePrediction.Core\SalesDatePrediction.Core.csproj", "{C0F5A860-EDA4-4853-889B-AEB19D61E2EC}"
EndProject
Project("{FAE04EC0-301F-11D3-BF4B-00C04F79EFBC}") = "SalesDatePrediction.Api.Test", "SalesDatePrediction.Api.Test\SalesDatePrediction.Api.Test.csproj", "{20318ACF-7F12-4EAA-B562-4B011213E33D}"
EndProject
Global
	GlobalSection(SolutionConfigurationPlatforms) = preSolution
		Debug|Any CPU = Debug|Any CPU
		Release|Any CPU = Release|Any CPU
	EndGlobalSection
	GlobalSection(ProjectConfigurationPlatforms) = postSolution
		{75DEF046-604C-4DD9-A461-61226CAE89EE}.Debug|Any CPU.ActiveCfg = Debug|Any CPU
		{75DEF046-604C-4DD9-A461-61226CAE89EE}.Debug|Any CPU.Build.0 = Debug|Any CPU
		{75DEF046-604C-4DD9-A461-61226CAE89EE}.Release|Any CPU.ActiveCfg = Release|Any CPU
		{75DEF046-604C-4DD9-A461-61226CAE89EE}.Release|Any CPU.Build.0 = Release|Any CPU
		{45A0A57E-0C3A-4CC9-8A1B-48B4D7B299EC}.Debug|Any CPU.ActiveCfg = Debug|Any CPU
		{45A0A57E-0C3A-4CC9-8A1B-48B4D7B299EC}.Debug|Any CPU.Build.0 = Debug|Any CPU
		{45A0A57E-0C3A-4CC9-8A1B-48B4D7B299EC}.Release|Any CPU.ActiveCfg = Release|Any CPU
		{45A0A57E-0C3A-4CC9-8A1B-48B4D7B299EC}.Release|Any CPU.Build.0 = Release|Any CPU
		{C0F5A860-EDA4-4853-889B-AEB19D61E2EC}.Debug|Any CPU.ActiveCfg = Debug|Any CPU
		{C0F5A860-EDA4-4853-889B-AEB19D61E2EC}.Debug|Any CPU.Build.0 = Debug|Any CPU
		{C0F5A860-EDA4-4853-889B-AEB19D61E2EC}.Release|Any CPU.ActiveCfg = Release|Any CPU
		{C0F5A860-EDA4-4853-889B-AEB19D61E2EC}.Release|Any CPU.Build.0 = Release|Any CPU
		{20318ACF-7F12-4EAA-B562-4B011213E33D}.Debug|Any CPU.ActiveCfg = Debug|Any CPU
		{20318ACF-7F12-4EAA-B562-4B011213E33D}.Debug|Any CPU.Build.0 = Debug|Any CPU
		{20318ACF-7F12-4EAA-B562-4B011213E33D}.Release|Any CPU.ActiveCfg = Release|Any CPU
		{20318ACF-7F12-4EAA-B562-4B011213E33D}.Release|Any CPU.Build.0 = Release|Any CPU
	EndGlobalSection
	GlobalSection(SolutionProperties) = preSolution
		HideSolutionNode = FALSE
	EndGlobalSection
	GlobalSection(ExtensibilityGlobals) = postSolution
		SolutionGuid = {ADA46830-0AAF-4940-8509-E580ADAE6C4F}
	EndGlobalSection
EndGlobal
